
Microsoft Visual Studio Solution File, Format Version 12.00
# Visual Studio Version 17
VisualStudioVersion = 17.10.35013.160
MinimumVisualStudioVersion = 10.0.40219.1
Project("{FAE04EC0-301F-11D3-BF4B-00C04F79EFBC}") = "ExpenseTracker", "ExpenseTracker\ExpenseTracker.csproj", "{86174A9F-CC8D-4234-9DBF-ABD503AB9187}"
EndProject
Project("{2150E333-8FDC-42A3-9474-1A3956D46DE8}") = "Solution Items", "Solution Items", "{686993AC-0983-44BC-B92D-5955191C65E3}"
	ProjectSection(SolutionItems) = preProject
		.editorconfig = .editorconfig
	EndProjectSection
EndProject
Global
	GlobalSection(SolutionConfigurationPlatforms) = preSolution
		Debug|Any CPU = Debug|Any CPU
		Release|Any CPU = Release|Any CPU
	EndGlobalSection
	GlobalSection(ProjectConfigurationPlatforms) = postSolution
		{86174A9F-CC8D-4234-9DBF-ABD503AB9187}.Debug|Any CPU.ActiveCfg = Debug|Any CPU
		{86174A9F-CC8D-4234-9DBF-ABD503AB9187}.Debug|Any CPU.Build.0 = Debug|Any CPU
		{86174A9F-CC8D-4234-9DBF-ABD503AB9187}.Release|Any CPU.ActiveCfg = Release|Any CPU
		{86174A9F-CC8D-4234-9DBF-ABD503AB9187}.Release|Any CPU.Build.0 = Release|Any CPU
	EndGlobalSection
	GlobalSection(SolutionProperties) = preSolution
		HideSolutionNode = FALSE
	EndGlobalSection
	GlobalSection(ExtensibilityGlobals) = postSolution
		SolutionGuid = {6F41BF74-7F70-4F21-9F8E-7228F2480391}
	EndGlobalSection
EndGlobal
